
Microsoft Visual Studio Solution File, Format Version 12.00
# Visual Studio Version 16
VisualStudioVersion = 16.0.30413.136
MinimumVisualStudioVersion = 10.0.40219.1
Project("{FAE04EC0-301F-11D3-BF4B-00C04F79EFBC}") = "EclipseMultiplayer", "EclipseMultiplayer\EclipseMultiplayer.csproj", "{38F02453-B2BC-48B0-A5A0-399D065CE42D}"
EndProject
Global
	GlobalSection(SolutionConfigurationPlatforms) = preSolution
		Debug|Any CPU = Debug|Any CPU
		Release|Any CPU = Release|Any CPU
	EndGlobalSection
	GlobalSection(ProjectConfigurationPlatforms) = postSolution
		{38F02453-B2BC-48B0-A5A0-399D065CE42D}.Debug|Any CPU.ActiveCfg = Debug|Any CPU
		{38F02453-B2BC-48B0-A5A0-399D065CE42D}.Debug|Any CPU.Build.0 = Debug|Any CPU
		{38F02453-B2BC-48B0-A5A0-399D065CE42D}.Release|Any CPU.ActiveCfg = Release|Any CPU
		{38F02453-B2BC-48B0-A5A0-399D065CE42D}.Release|Any CPU.Build.0 = Release|Any CPU
	EndGlobalSection
	GlobalSection(SolutionProperties) = preSolution
		HideSolutionNode = FALSE
	EndGlobalSection
	GlobalSection(ExtensibilityGlobals) = postSolution
		SolutionGuid = {0491F7BE-59A9-4E56-91D1-8A190722849C}
	EndGlobalSection
EndGlobal
